
Microsoft Visual Studio Solution File, Format Version 12.00
# Visual Studio 15
VisualStudioVersion = 15.0.28307.329
MinimumVisualStudioVersion = 10.0.40219.1
Project("{FAE04EC0-301F-11D3-BF4B-00C04F79EFBC}") = "ConsoleApp3", "ConsoleApp3\ConsoleApp3.csproj", "{C6CE2261-BB54-4A47-8B01-5F2938801BC8}"
EndProject
Global
	GlobalSection(SolutionConfigurationPlatforms) = preSolution
		Debug|Any CPU = Debug|Any CPU
		Release|Any CPU = Release|Any CPU
	EndGlobalSection
	GlobalSection(ProjectConfigurationPlatforms) = postSolution
		{C6CE2261-BB54-4A47-8B01-5F2938801BC8}.Debug|Any CPU.ActiveCfg = Debug|Any CPU
		{C6CE2261-BB54-4A47-8B01-5F2938801BC8}.Debug|Any CPU.Build.0 = Debug|Any CPU
		{C6CE2261-BB54-4A47-8B01-5F2938801BC8}.Release|Any CPU.ActiveCfg = Release|Any CPU
		{C6CE2261-BB54-4A47-8B01-5F2938801BC8}.Release|Any CPU.Build.0 = Release|Any CPU
	EndGlobalSection
	GlobalSection(SolutionProperties) = preSolution
		HideSolutionNode = FALSE
	EndGlobalSection
	GlobalSection(ExtensibilityGlobals) = postSolution
		SolutionGuid = {9790EA6D-0ACA-4391-ACE7-3D471D3B4B3F}
	EndGlobalSection
EndGlobal
